{
    "name": "linkoo-extension",
    "version": "1.0.0",
    "lockfileVersion": 1,
    "requires": true,
    "dependencies": {
        "@types/chrome": {
            "version": "0.0.130",
            "resolved": "https://registry.npmjs.org/@types/chrome/-/chrome-0.0.130.tgz",
            "integrity": "sha512-pAHbcPeOmjNCF5EoUCAZk3+5lll1yyIDP+CZRNf1Dk8LaANkNBNZ5szHqeYYVjMyEGP6yIFeaO+Y7qNpz1hVOw==",
            "dev": true,
            "requires": {
                "@types/filesystem": "*",
                "@types/har-format": "*"
            }
        },
        "@types/feathersjs__socketio-client": {
            "version": "1.0.5",
            "resolved": "https://registry.npmjs.org/@types/feathersjs__socketio-client/-/feathersjs__socketio-client-1.0.5.tgz",
            "integrity": "sha512-5ckVcWxIvi1Z/rDMf+xoBJ465M7hhpC+z5xfvUrh47dnV2/VdY3eHQMnliloroXCdOJmssv1tMzqSJEOwHWl3Q==",
            "dev": true,
            "requires": {
                "@types/socket.io-client": "*"
            }
        },
        "@types/filesystem": {
            "version": "0.0.29",
            "resolved": "https://registry.npmjs.org/@types/filesystem/-/filesystem-0.0.29.tgz",
            "integrity": "sha512-85/1KfRedmfPGsbK8YzeaQUyV1FQAvMPMTuWFQ5EkLd2w7szhNO96bk3Rh/SKmOfd9co2rCLf0Voy4o7ECBOvw==",
            "dev": true,
            "requires": {
                "@types/filewriter": "*"
            }
        },
        "@types/filewriter": {
            "version": "0.0.28",
            "resolved": "https://registry.npmjs.org/@types/filewriter/-/filewriter-0.0.28.tgz",
            "integrity": "sha1-wFTor02d11205jq8dviFFocU1LM=",
            "dev": true
        },
        "@types/har-format": {
            "version": "1.2.5",
            "resolved": "https://registry.npmjs.org/@types/har-format/-/har-format-1.2.5.tgz",
            "integrity": "sha512-IG8AE1m2pWtPqQ7wXhFhy6Q59bwwnLwO36v5Rit2FrbXCIp8Sk8E2PfUCreyrdo17STwFSKDAkitVuVYbpEHvQ==",
            "dev": true
        },
        "@types/socket.io-client": {
            "version": "1.4.35",
            "resolved": "https://registry.npmjs.org/@types/socket.io-client/-/socket.io-client-1.4.35.tgz",
            "integrity": "sha512-MI8YmxFS+jMkIziycT5ickBWK1sZwDwy16mgH/j99Mcom6zRG/NimNGQ3vJV0uX5G6g/hEw0FG3w3b3sT5OUGw==",
            "dev": true
        }
    }
}
